<?xml version="1.0" encoding="utf-8"?>
<Project ToolsVersion="4.0" xmlns="http://schemas.microsoft.com/developer/msbuild/2003">
  <ItemGroup>
    <Filter Include="Source Files">
      <UniqueIdentifier>{4FC737F1-C7A5-4376-A066-2A32D752A2FF}</UniqueIdentifier>
      <Extensions>cpp;c;cc;cxx;def;odl;idl;hpj;bat;asm;asmx</Extensions>
    </Filter>
    <Filter Include="Header Files">
      <UniqueIdentifier>{93995380-89BD-4b04-88EB-625FBE52EBFB}</UniqueIdentifier>
      <Extensions>h;hh;hpp;hxx;hm;inl;inc;xsd</Extensions>
    </Filter>
    <Filter Include="Resource Files">
      <UniqueIdentifier>{67DA6AB6-F800-4c08-8B7A-83BB121AAD01}</UniqueIdentifier>
      <Extensions>rc;ico;cur;bmp;dlg;rc2;rct;bin;rgs;gif;jpg;jpeg;jpe;resx;tiff;tif;png;wav;mfcribbon-ms</Extensions>
    </Filter>
    <Filter Include="Source Files\shaders">
      <UniqueIdentifier>{be50f23d-d022-481d-a4c3-93fc2ce01d15}</UniqueIdentifier>
    </Filter>
    <Filter Include="Source Files\demos">
      <UniqueIdentifier>{1d9a9c58-44e2-4195-9d53-9cb6495e0c31}</UniqueIdentifier>
    </Filter>
    <Filter Include="Source Files\demos\demo3dCarousel">
      <UniqueIdentifier>{494b09d3-35c0-4024-93e2-04d2bcac0aca}</UniqueIdentifier>
    </Filter>
    <Filter Include="Source Files\demos\demoBrickBreaker">
      <UniqueIdentifier>{3d205c56-9c76-4409-98ea-0f1fca2095c2}</UniqueIdentifier>
    </Filter>
    <Filter Include="Source Files\demos\demoCollider2Ds">
      <UniqueIdentifier>{160e2920-148e-4b1d-8da7-bd4d60df3504}</UniqueIdentifier>
    </Filter>
    <Filter Include="Source Files\demos\demoParticleEmitter2Ds">
      <UniqueIdentifier>{9993f007-c78b-4734-9f05-8c3544189d50}</UniqueIdentifier>
    </Filter>
    <Filter Include="Source Files\demos\demoTilemap">
      <UniqueIdentifier>{c3ab4ef9-074f-4306-bae9-a3aa0b448c9d}</UniqueIdentifier>
    </Filter>
    <Filter Include="Source Files\demos\demo2DPlatformer">
      <UniqueIdentifier>{1b2fe62b-c430-467f-9492-b26823943018}</UniqueIdentifier>
    </Filter>
  </ItemGroup>
  <ItemGroup>
    <ClCompile Include="glad.c">
      <Filter>Source Files</Filter>
    </ClCompile>
    <ClCompile Include="stdafx.cpp">
      <Filter>Source Files</Filter>
    </ClCompile>
    <ClCompile Include="stb_image.cpp">
      <Filter>Source Files</Filter>
    </ClCompile>
    <ClCompile Include="TextObject.cpp">
      <Filter>Source Files</Filter>
    </ClCompile>
    <ClCompile Include="stb_vorbis.c">
      <Filter>Source Files</Filter>
    </ClCompile>
    <ClCompile Include="alHelpers.cpp">
      <Filter>Source Files</Filter>
    </ClCompile>
    <ClCompile Include="audio.cpp">
      <Filter>Source Files</Filter>
    </ClCompile>
    <ClCompile Include="camera.cpp">
      <Filter>Source Files</Filter>
    </ClCompile>
    <ClCompile Include="FpsDisplay.cpp">
      <Filter>Source Files</Filter>
    </ClCompile>
    <ClCompile Include="GameObject.cpp">
      <Filter>Source Files</Filter>
    </ClCompile>
    <ClCompile Include="GameObject2D.cpp">
      <Filter>Source Files</Filter>
    </ClCompile>
    <ClCompile Include="graphics.cpp">
      <Filter>Source Files</Filter>
    </ClCompile>
    <ClCompile Include="input.cpp">
      <Filter>Source Files</Filter>
    </ClCompile>
    <ClCompile Include="Light.cpp">
      <Filter>Source Files</Filter>
    </ClCompile>
    <ClCompile Include="mapLoader.cpp">
      <Filter>Source Files</Filter>
    </ClCompile>
    <ClCompile Include="mesh.cpp">
      <Filter>Source Files</Filter>
    </ClCompile>
    <ClCompile Include="model.cpp">
      <Filter>Source Files</Filter>
    </ClCompile>
    <ClCompile Include="physics.cpp">
      <Filter>Source Files</Filter>
    </ClCompile>
    <ClCompile Include="PlayerBase.cpp">
      <Filter>Source Files</Filter>
    </ClCompile>
    <ClCompile Include="PlayerSpawn.cpp">
      <Filter>Source Files</Filter>
    </ClCompile>
    <ClCompile Include="settings.cpp">
      <Filter>Source Files</Filter>
    </ClCompile>
    <ClCompile Include="shader.cpp">
      <Filter>Source Files</Filter>
    </ClCompile>
    <ClCompile Include="timing.cpp">
      <Filter>Source Files</Filter>
    </ClCompile>
    <ClCompile Include="demos\demoBrickBreaker\Ball.cpp">
      <Filter>Source Files\demos\demoBrickBreaker</Filter>
    </ClCompile>
    <ClCompile Include="demos\demoBrickBreaker\GameManager.cpp">
      <Filter>Source Files\demos\demoBrickBreaker</Filter>
    </ClCompile>
    <ClCompile Include="demos\demoBrickBreaker\Paddle.cpp">
      <Filter>Source Files\demos\demoBrickBreaker</Filter>
    </ClCompile>
    <ClCompile Include="demos\demo3dCarousel\ObjectRegistry.cpp">
      <Filter>Source Files\demos\demo3dCarousel</Filter>
    </ClCompile>
    <ClCompile Include="demos\demo3dCarousel\mouseInteraction.cpp">
      <Filter>Source Files\demos\demo3dCarousel</Filter>
    </ClCompile>
    <ClCompile Include="demos\demo3dCarousel\FoliageGrass.cpp">
      <Filter>Source Files\demos\demo3dCarousel</Filter>
    </ClCompile>
    <ClCompile Include="demos\demo3dCarousel\FlickerLight.cpp">
      <Filter>Source Files\demos\demo3dCarousel</Filter>
    </ClCompile>
    <ClCompile Include="demos\demo3dCarousel\Compass.cpp">
      <Filter>Source Files\demos\demo3dCarousel</Filter>
    </ClCompile>
    <ClCompile Include="demos\demo3dCarousel\Cog.cpp">
      <Filter>Source Files\demos\demo3dCarousel</Filter>
    </ClCompile>
    <ClCompile Include="Collider2D.cpp">
      <Filter>Source Files</Filter>
    </ClCompile>
    <ClCompile Include="Collider2DCircle.cpp">
      <Filter>Source Files</Filter>
    </ClCompile>
    <ClCompile Include="Collider2DLine.cpp">
      <Filter>Source Files</Filter>
    </ClCompile>
    <ClCompile Include="Collider2DPolygon.cpp">
      <Filter>Source Files</Filter>
    </ClCompile>
    <ClCompile Include="Collider2DRectangle.cpp">
      <Filter>Source Files</Filter>
    </ClCompile>
    <ClCompile Include="demos\demoBrickBreaker\Brick.cpp">
      <Filter>Source Files\demos\demoBrickBreaker</Filter>
    </ClCompile>
    <ClCompile Include="ParticleEmitter2D.cpp">
      <Filter>Source Files</Filter>
    </ClCompile>
    <ClCompile Include="demos\demoParticleEmitter2Ds\SparkleEmitter.cpp">
      <Filter>Source Files\demos\demoParticleEmitter2Ds</Filter>
    </ClCompile>
    <ClCompile Include="demos\demoParticleEmitter2Ds\FireEmitter.cpp">
      <Filter>Source Files\demos\demoParticleEmitter2Ds</Filter>
    </ClCompile>
    <ClCompile Include="demos\demoParticleEmitter2Ds\CloudEmitter.cpp">
      <Filter>Source Files\demos\demoParticleEmitter2Ds</Filter>
    </ClCompile>
    <ClCompile Include="demos\demoParticleEmitter2Ds\RainEmitter.cpp">
      <Filter>Source Files\demos\demoParticleEmitter2Ds</Filter>
    </ClCompile>
    <ClCompile Include="demos\demoParticleEmitter2Ds\demoParticleEmitter2Ds.cpp">
      <Filter>Source Files\demos\demoParticleEmitter2Ds</Filter>
    </ClCompile>
    <ClCompile Include="demos\demoCollider2Ds\demoCollider2Ds.cpp">
      <Filter>Source Files\demos\demoCollider2Ds</Filter>
    </ClCompile>
    <ClCompile Include="demos\demoBrickBreaker\demoBrickBreaker.cpp">
      <Filter>Source Files\demos\demoBrickBreaker</Filter>
    </ClCompile>
    <ClCompile Include="demos\demo3dCarousel\demo3dCarousel.cpp">
      <Filter>Source Files\demos\demo3dCarousel</Filter>
    </ClCompile>
    <ClCompile Include="demos\demoTilemap\demoTilemap.cpp">
      <Filter>Source Files\demos\demoTilemap</Filter>
    </ClCompile>
    <ClCompile Include="Tilemap.cpp">
      <Filter>Source Files</Filter>
    </ClCompile>
    <ClCompile Include="demos\demo2DPlatformer\demo2DPlatformer.cpp">
      <Filter>Source Files\demos\demo2DPlatformer</Filter>
    </ClCompile>
    <ClCompile Include="demos\demo2DPlatformer\Player.cpp">
      <Filter>Source Files\demos\demo2DPlatformer</Filter>
    </ClCompile>
    <ClCompile Include="ObjectRegistryBase.cpp">
      <Filter>Source Files</Filter>
    </ClCompile>
    <ClCompile Include="ParticleEmitter.cpp">
      <Filter>Source Files</Filter>
    </ClCompile>
  </ItemGroup>
  <ItemGroup>
    <ClInclude Include="stb_image.h">
      <Filter>Source Files</Filter>
    </ClInclude>
    <ClInclude Include="camera.hpp">
      <Filter>Source Files</Filter>
    </ClInclude>
    <ClInclude Include="shader.hpp">
      <Filter>Source Files</Filter>
    </ClInclude>
    <ClInclude Include="GameObject.hpp">
      <Filter>Source Files</Filter>
    </ClInclude>
    <ClInclude Include="model.hpp">
      <Filter>Source Files</Filter>
    </ClInclude>
    <ClInclude Include="Light.hpp">
      <Filter>Source Files</Filter>
    </ClInclude>
    <ClInclude Include="mesh.hpp">
      <Filter>Source Files</Filter>
    </ClInclude>
    <ClInclude Include="PlayerSpawn.hpp">
      <Filter>Source Files</Filter>
    </ClInclude>
    <ClInclude Include="terminalColors.hpp">
      <Filter>Source Files</Filter>
    </ClInclude>
    <ClInclude Include="stdafx.h">
      <Filter>Source Files</Filter>
    </ClInclude>
    <ClInclude Include="timing.hpp">
      <Filter>Source Files</Filter>
    </ClInclude>
    <ClInclude Include="graphics.hpp">
      <Filter>Source Files</Filter>
    </ClInclude>
    <ClInclude Include="mapLoader.hpp">
      <Filter>Source Files</Filter>
    </ClInclude>
    <ClInclude Include="assimpFlags.hpp">
      <Filter>Source Files</Filter>
    </ClInclude>
    <ClInclude Include="physics.hpp">
      <Filter>Source Files</Filter>
    </ClInclude>
    <ClInclude Include="settings.hpp">
      <Filter>Source Files</Filter>
    </ClInclude>
    <ClInclude Include="input.hpp">
      <Filter>Source Files</Filter>
    </ClInclude>
    <ClInclude Include="FpsDisplay.hpp">
      <Filter>Source Files</Filter>
    </ClInclude>
    <ClInclude Include="TextObject.hpp">
      <Filter>Source Files</Filter>
    </ClInclude>
    <ClInclude Include="audio.hpp">
      <Filter>Source Files</Filter>
    </ClInclude>
    <ClInclude Include="alHelpers.hpp">
      <Filter>Source Files</Filter>
    </ClInclude>
    <ClInclude Include="GameObject2D.hpp">
      <Filter>Source Files</Filter>
    </ClInclude>
    <ClInclude Include="ObjectRegistryBase.hpp">
      <Filter>Source Files</Filter>
    </ClInclude>
    <ClInclude Include="PlayerBase.hpp">
      <Filter>Source Files</Filter>
    </ClInclude>
    <ClInclude Include="demos\demo3dCarousel\Cog.hpp">
      <Filter>Source Files\demos\demo3dCarousel</Filter>
    </ClInclude>
    <ClInclude Include="demos\demo3dCarousel\Compass.hpp">
      <Filter>Source Files\demos\demo3dCarousel</Filter>
    </ClInclude>
    <ClInclude Include="demos\demo3dCarousel\FlickerLight.hpp">
      <Filter>Source Files\demos\demo3dCarousel</Filter>
    </ClInclude>
    <ClInclude Include="demos\demo3dCarousel\FoliageGrass.hpp">
      <Filter>Source Files\demos\demo3dCarousel</Filter>
    </ClInclude>
    <ClInclude Include="demos\demo3dCarousel\mouseInteraction.hpp">
      <Filter>Source Files\demos\demo3dCarousel</Filter>
    </ClInclude>
    <ClInclude Include="demos\demo3dCarousel\ObjectRegistry.hpp">
      <Filter>Source Files\demos\demo3dCarousel</Filter>
    </ClInclude>
    <ClInclude Include="demos\demoBrickBreaker\Ball.hpp">
      <Filter>Source Files\demos\demoBrickBreaker</Filter>
    </ClInclude>
    <ClInclude Include="demos\demoBrickBreaker\Brick.hpp">
      <Filter>Source Files\demos\demoBrickBreaker</Filter>
    </ClInclude>
    <ClInclude Include="demos\demoBrickBreaker\GameManager.hpp">
      <Filter>Source Files\demos\demoBrickBreaker</Filter>
    </ClInclude>
    <ClInclude Include="demos\demoBrickBreaker\Paddle.hpp">
      <Filter>Source Files\demos\demoBrickBreaker</Filter>
    </ClInclude>
    <ClInclude Include="Collider2D.hpp">
      <Filter>Source Files</Filter>
    </ClInclude>
    <ClInclude Include="Collider2DCircle.hpp">
      <Filter>Source Files</Filter>
    </ClInclude>
    <ClInclude Include="Collider2DLine.hpp">
      <Filter>Source Files</Filter>
    </ClInclude>
    <ClInclude Include="Collider2DPolygon.hpp">
      <Filter>Source Files</Filter>
    </ClInclude>
    <ClInclude Include="Collider2DRectangle.hpp">
      <Filter>Source Files</Filter>
    </ClInclude>
    <ClInclude Include="ParticleEmitter2D.hpp">
      <Filter>Source Files</Filter>
    </ClInclude>
    <ClInclude Include="demos\demoParticleEmitter2Ds\SparkleEmitter.hpp">
      <Filter>Source Files\demos\demoParticleEmitter2Ds</Filter>
    </ClInclude>
    <ClInclude Include="demos\demoParticleEmitter2Ds\FireEmitter.hpp">
      <Filter>Source Files\demos\demoParticleEmitter2Ds</Filter>
    </ClInclude>
    <ClInclude Include="demos\demoParticleEmitter2Ds\CloudEmitter.hpp">
      <Filter>Source Files\demos\demoParticleEmitter2Ds</Filter>
    </ClInclude>
    <ClInclude Include="demos\demoParticleEmitter2Ds\RainEmitter.hpp">
      <Filter>Source Files\demos\demoParticleEmitter2Ds</Filter>
    </ClInclude>
    <ClInclude Include="Tilemap.hpp">
      <Filter>Source Files</Filter>
    </ClInclude>
    <ClInclude Include="demos\demo2DPlatformer\Player.hpp">
      <Filter>Source Files\demos\demo2DPlatformer</Filter>
    </ClInclude>
    <ClInclude Include="ParticleEmitter.hpp">
      <Filter>Source Files</Filter>
    </ClInclude>
  </ItemGroup>
  <ItemGroup>
    <Text Include="todo.txt" />
  </ItemGroup>
  <ItemGroup>
    <None Include="shaders\2DShader.frag">
      <Filter>Source Files\shaders</Filter>
    </None>
    <None Include="shaders\2DShader.vert">
      <Filter>Source Files\shaders</Filter>
    </None>
    <None Include="shaders\deferred_shading.frag">
      <Filter>Source Files\shaders</Filter>
    </None>
    <None Include="shaders\deferred_shading.vert">
      <Filter>Source Files\shaders</Filter>
    </None>
    <None Include="shaders\g_buffer.frag">
      <Filter>Source Files\shaders</Filter>
    </None>
    <None Include="shaders\g_buffer.vert">
      <Filter>Source Files\shaders</Filter>
    </None>
    <None Include="shaders\lightCube.frag">
      <Filter>Source Files\shaders</Filter>
    </None>
    <None Include="shaders\lightCube.vert">
      <Filter>Source Files\shaders</Filter>
    </None>
    <None Include="shaders\lineShader.frag">
      <Filter>Source Files\shaders</Filter>
    </None>
    <None Include="shaders\lineShader.vert">
      <Filter>Source Files\shaders</Filter>
    </None>
    <None Include="shaders\lineShader2D.frag">
      <Filter>Source Files\shaders</Filter>
    </None>
    <None Include="shaders\lineShader2D.vert">
      <Filter>Source Files\shaders</Filter>
    </None>
    <None Include="shaders\Particle2DShader.frag">
      <Filter>Source Files\shaders</Filter>
    </None>
    <None Include="shaders\Particle2DShader.vert">
      <Filter>Source Files\shaders</Filter>
    </None>
    <None Include="shaders\point_shadows_depth.frag">
      <Filter>Source Files\shaders</Filter>
    </None>
    <None Include="shaders\point_shadows_depth.geom">
      <Filter>Source Files\shaders</Filter>
    </None>
    <None Include="shaders\point_shadows_depth.vert">
      <Filter>Source Files\shaders</Filter>
    </None>
    <None Include="shaders\textShader.frag">
      <Filter>Source Files\shaders</Filter>
    </None>
    <None Include="shaders\textShader.vert">
      <Filter>Source Files\shaders</Filter>
    </None>
    <None Include="shaders\tilemapShader.frag">
      <Filter>Source Files\shaders</Filter>
    </None>
    <None Include="shaders\tilemapShader.vert">
      <Filter>Source Files\shaders</Filter>
    </None>
    <None Include="shaders\ParticleShader.frag">
      <Filter>Source Files\shaders</Filter>
    </None>
    <None Include="shaders\ParticleShader.vert">
      <Filter>Source Files\shaders</Filter>
    </None>
  </ItemGroup>
</Project>