<?xml version="1.0" encoding="utf-8"?>
<Project ToolsVersion="4.0" xmlns="http://schemas.microsoft.com/developer/msbuild/2003">
  <ItemGroup>
    <Filter Include="Source Files">
      <UniqueIdentifier>{4FC737F1-C7A5-4376-A066-2A32D752A2FF}</UniqueIdentifier>
      <Extensions>cpp;c;cc;cxx;def;odl;idl;hpj;bat;asm;asmx</Extensions>
    </Filter>
    <Filter Include="Header Files">
      <UniqueIdentifier>{93995380-89BD-4b04-88EB-625FBE52EBFB}</UniqueIdentifier>
      <Extensions>h;hh;hpp;hxx;hm;inl;inc;xsd</Extensions>
    </Filter>
    <Filter Include="Resource Files">
      <UniqueIdentifier>{67DA6AB6-F800-4c08-8B7A-83BB121AAD01}</UniqueIdentifier>
      <Extensions>rc;ico;cur;bmp;dlg;rc2;rct;bin;rgs;gif;jpg;jpeg;jpe;resx;tiff;tif;png;wav;mfcribbon-ms</Extensions>
    </Filter>
    <Filter Include="Source Files\shaders">
      <UniqueIdentifier>{be50f23d-d022-481d-a4c3-93fc2ce01d15}</UniqueIdentifier>
    </Filter>
  </ItemGroup>
  <ItemGroup>
    <ClCompile Include="glad.c">
      <Filter>Source Files</Filter>
    </ClCompile>
    <ClCompile Include="stdafx.cpp">
      <Filter>Source Files</Filter>
    </ClCompile>
    <ClCompile Include="stb_image.cpp">
      <Filter>Source Files</Filter>
    </ClCompile>
    <ClCompile Include="demo.cpp">
      <Filter>Source Files</Filter>
    </ClCompile>
    <ClCompile Include="TextObject.cpp">
      <Filter>Source Files</Filter>
    </ClCompile>
  </ItemGroup>
  <ItemGroup>
    <ClInclude Include="stb_image.h">
      <Filter>Source Files</Filter>
    </ClInclude>
    <ClInclude Include="camera.hpp">
      <Filter>Source Files</Filter>
    </ClInclude>
    <ClInclude Include="shader.hpp">
      <Filter>Source Files</Filter>
    </ClInclude>
    <ClInclude Include="filesystem.hpp">
      <Filter>Source Files</Filter>
    </ClInclude>
    <ClInclude Include="GameObject.hpp">
      <Filter>Source Files</Filter>
    </ClInclude>
    <ClInclude Include="model.hpp">
      <Filter>Source Files</Filter>
    </ClInclude>
    <ClInclude Include="Light.hpp">
      <Filter>Source Files</Filter>
    </ClInclude>
    <ClInclude Include="mesh.hpp">
      <Filter>Source Files</Filter>
    </ClInclude>
    <ClInclude Include="MovingPlatform.hpp">
      <Filter>Source Files</Filter>
    </ClInclude>
    <ClInclude Include="PlayerSpawn.hpp">
      <Filter>Source Files</Filter>
    </ClInclude>
    <ClInclude Include="Cog.hpp">
      <Filter>Source Files</Filter>
    </ClInclude>
    <ClInclude Include="FlickerLight.hpp">
      <Filter>Source Files</Filter>
    </ClInclude>
    <ClInclude Include="ObjectRegistry.hpp">
      <Filter>Source Files</Filter>
    </ClInclude>
    <ClInclude Include="Player.hpp">
      <Filter>Source Files</Filter>
    </ClInclude>
    <ClInclude Include="mousePicking.hpp">
      <Filter>Source Files</Filter>
    </ClInclude>
    <ClInclude Include="terminalColors.hpp">
      <Filter>Source Files</Filter>
    </ClInclude>
    <ClInclude Include="stdafx.h">
      <Filter>Source Files</Filter>
    </ClInclude>
    <ClInclude Include="timing.hpp">
      <Filter>Source Files</Filter>
    </ClInclude>
    <ClInclude Include="graphics.hpp">
      <Filter>Source Files</Filter>
    </ClInclude>
    <ClInclude Include="mapLoader.hpp">
      <Filter>Source Files</Filter>
    </ClInclude>
    <ClInclude Include="assimpFlags.hpp">
      <Filter>Source Files</Filter>
    </ClInclude>
    <ClInclude Include="physics.hpp">
      <Filter>Source Files</Filter>
    </ClInclude>
    <ClInclude Include="settings.hpp">
      <Filter>Source Files</Filter>
    </ClInclude>
    <ClInclude Include="input.hpp">
      <Filter>Source Files</Filter>
    </ClInclude>
    <ClInclude Include="rightClickObserve.hpp">
      <Filter>Source Files</Filter>
    </ClInclude>
    <ClInclude Include="FpsDisplay.hpp">
      <Filter>Source Files</Filter>
    </ClInclude>
    <ClInclude Include="TextObject.h">
      <Filter>Source Files</Filter>
    </ClInclude>
  </ItemGroup>
  <ItemGroup>
    <Text Include="todo.txt" />
    <Text Include="installInstructions.txt" />
  </ItemGroup>
  <ItemGroup>
    <None Include="shaders\debugLineShader.fs">
      <Filter>Source Files\shaders</Filter>
    </None>
    <None Include="shaders\debugLineShader.vs">
      <Filter>Source Files\shaders</Filter>
    </None>
    <None Include="shaders\deferred_light_box.fs">
      <Filter>Source Files\shaders</Filter>
    </None>
    <None Include="shaders\deferred_light_box.vs">
      <Filter>Source Files\shaders</Filter>
    </None>
    <None Include="shaders\deferred_shading.fs">
      <Filter>Source Files\shaders</Filter>
    </None>
    <None Include="shaders\deferred_shading.vs">
      <Filter>Source Files\shaders</Filter>
    </None>
    <None Include="shaders\g_buffer.fs">
      <Filter>Source Files\shaders</Filter>
    </None>
    <None Include="shaders\g_buffer.vs">
      <Filter>Source Files\shaders</Filter>
    </None>
    <None Include="shaders\point_shadows_depth.fs">
      <Filter>Source Files\shaders</Filter>
    </None>
    <None Include="shaders\point_shadows_depth.gs">
      <Filter>Source Files\shaders</Filter>
    </None>
    <None Include="shaders\point_shadows_depth.vs">
      <Filter>Source Files\shaders</Filter>
    </None>
    <None Include="shaders\textShader.fs">
      <Filter>Source Files\shaders</Filter>
    </None>
    <None Include="shaders\textShader.vs">
      <Filter>Source Files\shaders</Filter>
    </None>
  </ItemGroup>
</Project>