<?xml version="1.0" encoding="utf-8"?>
<Project ToolsVersion="4.0" xmlns="http://schemas.microsoft.com/developer/msbuild/2003">
  <ItemGroup>
    <Filter Include="Source Files">
      <UniqueIdentifier>{4FC737F1-C7A5-4376-A066-2A32D752A2FF}</UniqueIdentifier>
      <Extensions>cpp;c;cc;cxx;def;odl;idl;hpj;bat;asm;asmx</Extensions>
    </Filter>
    <Filter Include="Header Files">
      <UniqueIdentifier>{93995380-89BD-4b04-88EB-625FBE52EBFB}</UniqueIdentifier>
      <Extensions>h;hh;hpp;hxx;hm;inl;inc;xsd</Extensions>
    </Filter>
    <Filter Include="Resource Files">
      <UniqueIdentifier>{67DA6AB6-F800-4c08-8B7A-83BB121AAD01}</UniqueIdentifier>
      <Extensions>rc;ico;cur;bmp;dlg;rc2;rct;bin;rgs;gif;jpg;jpeg;jpe;resx;tiff;tif;png;wav;mfcribbon-ms</Extensions>
    </Filter>
  </ItemGroup>
  <ItemGroup>
    <ClCompile Include="main.cpp">
      <Filter>Source Files</Filter>
    </ClCompile>
    <ClCompile Include="..\..\CPPGameEngine_eclipse\src\glad.c">
      <Filter>Source Files</Filter>
    </ClCompile>
  </ItemGroup>
  <ItemGroup>
    <ClInclude Include="shader_s.h">
      <Filter>Source Files</Filter>
    </ClInclude>
    <ClInclude Include="stb_image.h">
      <Filter>Source Files</Filter>
    </ClInclude>
    <ClInclude Include="filesystem.h">
      <Filter>Source Files</Filter>
    </ClInclude>
    <ClInclude Include="root_directory.h">
      <Filter>Source Files</Filter>
    </ClInclude>
    <ClInclude Include="camera.h">
      <Filter>Source Files</Filter>
    </ClInclude>
    <ClInclude Include="mesh.h">
      <Filter>Source Files</Filter>
    </ClInclude>
    <ClInclude Include="model.h">
      <Filter>Source Files</Filter>
    </ClInclude>
    <ClInclude Include="shader.h">
      <Filter>Source Files</Filter>
    </ClInclude>
    <ClInclude Include="shader_m.h">
      <Filter>Source Files</Filter>
    </ClInclude>
  </ItemGroup>
  <ItemGroup>
    <None Include="3.3.shader.vs">
      <Filter>Source Files</Filter>
    </None>
    <None Include="3.3.shader.fs">
      <Filter>Source Files</Filter>
    </None>
    <None Include="4.2.texture.fs">
      <Filter>Source Files</Filter>
    </None>
    <None Include="4.2.texture.vs">
      <Filter>Source Files</Filter>
    </None>
    <None Include="5.1.transform.fs">
      <Filter>Source Files</Filter>
    </None>
    <None Include="5.1.transform.vs">
      <Filter>Source Files</Filter>
    </None>
    <None Include="6.3.coordinate_systems.fs">
      <Filter>Source Files</Filter>
    </None>
    <None Include="6.3.coordinate_systems.vs">
      <Filter>Source Files</Filter>
    </None>
    <None Include="7.4.camera.fs">
      <Filter>Source Files</Filter>
    </None>
    <None Include="7.4.camera.vs">
      <Filter>Source Files</Filter>
    </None>
    <None Include="2.2.lamp.fs">
      <Filter>Source Files</Filter>
    </None>
    <None Include="2.2.lamp.vs">
      <Filter>Source Files</Filter>
    </None>
    <None Include="2.2.basic_lighting.fs">
      <Filter>Source Files</Filter>
    </None>
    <None Include="2.2.basic_lighting.vs">
      <Filter>Source Files</Filter>
    </None>
    <None Include="4.2.lighting_maps.vs">
      <Filter>Source Files</Filter>
    </None>
    <None Include="4.2.lighting_maps.fs">
      <Filter>Source Files</Filter>
    </None>
    <None Include="4.2.lamp.vs">
      <Filter>Source Files</Filter>
    </None>
    <None Include="4.2.lamp.fs">
      <Filter>Source Files</Filter>
    </None>
    <None Include="6.lamp.fs">
      <Filter>Source Files</Filter>
    </None>
    <None Include="6.lamp.vs">
      <Filter>Source Files</Filter>
    </None>
    <None Include="6.multiple_lights.fs">
      <Filter>Source Files</Filter>
    </None>
    <None Include="6.multiple_lights.vs">
      <Filter>Source Files</Filter>
    </None>
    <None Include="1.model_loading.fs">
      <Filter>Source Files</Filter>
    </None>
    <None Include="1.model_loading.vs">
      <Filter>Source Files</Filter>
    </None>
  </ItemGroup>
  <ItemGroup>
    <Image Include="wall.jpg">
      <Filter>Source Files</Filter>
    </Image>
    <Image Include="container.jpg">
      <Filter>Source Files</Filter>
    </Image>
    <Image Include="awesomeface.png">
      <Filter>Source Files</Filter>
    </Image>
    <Image Include="container2_specular.png">
      <Filter>Source Files</Filter>
    </Image>
    <Image Include="container2.png">
      <Filter>Source Files</Filter>
    </Image>
    <Image Include="matrix.jpg">
      <Filter>Source Files</Filter>
    </Image>
  </ItemGroup>
</Project>